# This file is automatically @generated by Cargo.
# It is not intended for manual editing.
version = 3

[[package]]
name = "day-7"
version = "0.1.0"
dependencies = [
 "stats_utils",
]

[[package]]
name = "stats_utils"
version = "0.1.3"
source = "registry+https://github.com/rust-lang/crates.io-index"
checksum = "b2d615734a36694d0a5803b1fe69b185611864224f5b2d4425ad0b69e39fb877"
